<?xml version="1.0" encoding="utf-8"?>
<Project ToolsVersion="4.0" xmlns="http://schemas.microsoft.com/developer/msbuild/2003">
  <ItemGroup>
    <Filter Include="源文件">
      <UniqueIdentifier>{4FC737F1-C7A5-4376-A066-2A32D752A2FF}</UniqueIdentifier>
      <Extensions>cpp;c;cc;cxx;def;odl;idl;hpj;bat;asm;asmx</Extensions>
    </Filter>
    <Filter Include="头文件">
      <UniqueIdentifier>{93995380-89BD-4b04-88EB-625FBE52EBFB}</UniqueIdentifier>
      <Extensions>h;hh;hpp;hxx;hm;inl;inc;xsd</Extensions>
    </Filter>
    <Filter Include="资源文件">
      <UniqueIdentifier>{67DA6AB6-F800-4c08-8B7A-83BB121AAD01}</UniqueIdentifier>
      <Extensions>rc;ico;cur;bmp;dlg;rc2;rct;bin;rgs;gif;jpg;jpeg;jpe;resx;tiff;tif;png;wav;mfcribbon-ms</Extensions>
    </Filter>
    <Filter Include="IOCP">
      <UniqueIdentifier>{6998b9e7-d9d0-4310-96ab-523b07bba9a9}</UniqueIdentifier>
    </Filter>
    <Filter Include="Common">
      <UniqueIdentifier>{b3f52b1e-b4c1-48ee-956f-e95ae26e3d8c}</UniqueIdentifier>
    </Filter>
    <Filter Include="IObject">
      <UniqueIdentifier>{60b6801f-f9db-4364-98a2-8a6cf8a02932}</UniqueIdentifier>
    </Filter>
    <Filter Include="DataPool">
      <UniqueIdentifier>{8c8656c0-3a34-427f-a814-552ac0e1de2a}</UniqueIdentifier>
    </Filter>
    <Filter Include="RemoteCtrl">
      <UniqueIdentifier>{fb117c44-2eef-40d8-a537-79273bcf5b4a}</UniqueIdentifier>
    </Filter>
  </ItemGroup>
  <ItemGroup>
    <ClCompile Include="CPF_Main.cpp">
      <Filter>源文件</Filter>
    </ClCompile>
    <ClCompile Include="iocp\CPF_IOCP.CPP">
      <Filter>IOCP</Filter>
    </ClCompile>
    <ClCompile Include="common\CPF_Base.cpp">
      <Filter>Common</Filter>
    </ClCompile>
    <ClCompile Include="common\CPF_ICommon.cpp">
      <Filter>Common</Filter>
    </ClCompile>
    <ClCompile Include="iocp\CPF_IOCPServer.cpp">
      <Filter>IOCP</Filter>
    </ClCompile>
    <ClCompile Include="common\CPF_IBuff.cpp">
      <Filter>Common</Filter>
    </ClCompile>
    <ClCompile Include="CPF_ParsePacketHander.cpp">
      <Filter>RemoteCtrl</Filter>
    </ClCompile>
  </ItemGroup>
  <ItemGroup>
    <ClInclude Include="iocp\CPF_IOCP.H">
      <Filter>IOCP</Filter>
    </ClInclude>
    <ClInclude Include="common\CPF_typedef.h">
      <Filter>Common</Filter>
    </ClInclude>
    <ClInclude Include="common\CPF_Base.h">
      <Filter>Common</Filter>
    </ClInclude>
    <ClInclude Include="common\CPF_ICommon.h">
      <Filter>Common</Filter>
    </ClInclude>
    <ClInclude Include="iocp\CPF_IOCPServer.h">
      <Filter>IOCP</Filter>
    </ClInclude>
    <ClInclude Include="CPFDataPacketParse\CPF_ParseDataPacketBase.h">
      <Filter>IObject</Filter>
    </ClInclude>
    <ClInclude Include="CPFDataPacketParse\CPF_DataPacketParse.h">
      <Filter>IObject</Filter>
    </ClInclude>
    <ClInclude Include="common\CPF_IBuff.h">
      <Filter>Common</Filter>
    </ClInclude>
    <ClInclude Include="CPF_ParsePacketHander.h">
      <Filter>RemoteCtrl</Filter>
    </ClInclude>
  </ItemGroup>
</Project>